
Microsoft Visual Studio Solution File, Format Version 12.00
# Visual Studio Version 17
VisualStudioVersion = 17.6.33829.357
MinimumVisualStudioVersion = 10.0.40219.1
Project("{FAE04EC0-301F-11D3-BF4B-00C04F79EFBC}") = "BiggerOrSmaller", "BiggerOrSmaller.csproj", "{88467DD2-39EA-4C65-B8B1-3A5A33C274B1}"
EndProject
Global
	GlobalSection(SolutionConfigurationPlatforms) = preSolution
		Debug|Any CPU = Debug|Any CPU
		Release|Any CPU = Release|Any CPU
	EndGlobalSection
	GlobalSection(ProjectConfigurationPlatforms) = postSolution
		{88467DD2-39EA-4C65-B8B1-3A5A33C274B1}.Debug|Any CPU.ActiveCfg = Debug|Any CPU
		{88467DD2-39EA-4C65-B8B1-3A5A33C274B1}.Debug|Any CPU.Build.0 = Debug|Any CPU
		{88467DD2-39EA-4C65-B8B1-3A5A33C274B1}.Release|Any CPU.ActiveCfg = Release|Any CPU
		{88467DD2-39EA-4C65-B8B1-3A5A33C274B1}.Release|Any CPU.Build.0 = Release|Any CPU
	EndGlobalSection
	GlobalSection(SolutionProperties) = preSolution
		HideSolutionNode = FALSE
	EndGlobalSection
	GlobalSection(ExtensibilityGlobals) = postSolution
		SolutionGuid = {4223C0D3-5075-47D3-9B76-77121F9FB665}
	EndGlobalSection
EndGlobal
